
Microsoft Visual Studio Solution File, Format Version 12.00
# Visual Studio 15
VisualStudioVersion = 15.0.28307.438
MinimumVisualStudioVersion = 10.0.40219.1
Project("{8BC9CEB8-8B4A-11D0-8D11-00A0C91BC942}") = "Assignment6", "Assignment6\Assignment6.vcxproj", "{895F9EE5-F5FC-4BF1-9008-DF494BAD0119}"
EndProject
Global
	GlobalSection(SolutionConfigurationPlatforms) = preSolution
		Debug|x64 = Debug|x64
		Debug|x86 = Debug|x86
		Release|x64 = Release|x64
		Release|x86 = Release|x86
	EndGlobalSection
	GlobalSection(ProjectConfigurationPlatforms) = postSolution
		{895F9EE5-F5FC-4BF1-9008-DF494BAD0119}.Debug|x64.ActiveCfg = Debug|x64
		{895F9EE5-F5FC-4BF1-9008-DF494BAD0119}.Debug|x64.Build.0 = Debug|x64
		{895F9EE5-F5FC-4BF1-9008-DF494BAD0119}.Debug|x86.ActiveCfg = Debug|Win32
		{895F9EE5-F5FC-4BF1-9008-DF494BAD0119}.Debug|x86.Build.0 = Debug|Win32
		{895F9EE5-F5FC-4BF1-9008-DF494BAD0119}.Release|x64.ActiveCfg = Release|x64
		{895F9EE5-F5FC-4BF1-9008-DF494BAD0119}.Release|x64.Build.0 = Release|x64
		{895F9EE5-F5FC-4BF1-9008-DF494BAD0119}.Release|x86.ActiveCfg = Release|Win32
		{895F9EE5-F5FC-4BF1-9008-DF494BAD0119}.Release|x86.Build.0 = Release|Win32
	EndGlobalSection
	GlobalSection(SolutionProperties) = preSolution
		HideSolutionNode = FALSE
	EndGlobalSection
	GlobalSection(ExtensibilityGlobals) = postSolution
		SolutionGuid = {0168257C-1800-4EFD-A83C-565334AF15DC}
	EndGlobalSection
EndGlobal
